
Microsoft Visual Studio Solution File, Format Version 12.00
# Visual Studio Version 16
VisualStudioVersion = 16.0.29306.81
MinimumVisualStudioVersion = 10.0.40219.1
Project("{9A19103F-16F7-4668-BE54-9A1E7A4F7556}") = "Zadaca1", "Zadaca1.csproj", "{44F422CD-60B5-4BBC-BD62-625F7B90097D}"
EndProject
Project("{9A19103F-16F7-4668-BE54-9A1E7A4F7556}") = "ClassLibrary1", "..\ClassLibrary1\ClassLibrary1.csproj", "{B9FC96E9-B0F4-4007-9CCD-4E2AB19991E4}"
EndProject
Global
	GlobalSection(SolutionConfigurationPlatforms) = preSolution
		Debug|Any CPU = Debug|Any CPU
		Release|Any CPU = Release|Any CPU
	EndGlobalSection
	GlobalSection(ProjectConfigurationPlatforms) = postSolution
		{44F422CD-60B5-4BBC-BD62-625F7B90097D}.Debug|Any CPU.ActiveCfg = Debug|Any CPU
		{44F422CD-60B5-4BBC-BD62-625F7B90097D}.Debug|Any CPU.Build.0 = Debug|Any CPU
		{44F422CD-60B5-4BBC-BD62-625F7B90097D}.Release|Any CPU.ActiveCfg = Release|Any CPU
		{44F422CD-60B5-4BBC-BD62-625F7B90097D}.Release|Any CPU.Build.0 = Release|Any CPU
		{B9FC96E9-B0F4-4007-9CCD-4E2AB19991E4}.Debug|Any CPU.ActiveCfg = Debug|Any CPU
		{B9FC96E9-B0F4-4007-9CCD-4E2AB19991E4}.Debug|Any CPU.Build.0 = Debug|Any CPU
		{B9FC96E9-B0F4-4007-9CCD-4E2AB19991E4}.Release|Any CPU.ActiveCfg = Release|Any CPU
		{B9FC96E9-B0F4-4007-9CCD-4E2AB19991E4}.Release|Any CPU.Build.0 = Release|Any CPU
	EndGlobalSection
	GlobalSection(SolutionProperties) = preSolution
		HideSolutionNode = FALSE
	EndGlobalSection
	GlobalSection(ExtensibilityGlobals) = postSolution
		SolutionGuid = {034F6AC4-979F-462F-872D-3D8BB143B6F7}
	EndGlobalSection
EndGlobal
